# This file is automatically @generated by Cargo.
# It is not intended for manual editing.
version = 4

[[package]]
name = "compiler"
version = "0.1.0"
dependencies = [
 "termtree",
]

[[package]]
name = "cpu"
version = "0.1.0"
dependencies = [
 "isa",
]

[[package]]
name = "isa"
version = "0.1.0"

[[package]]
name = "termtree"
version = "1.0.0"
source = "registry+https://github.com/rust-lang/crates.io-index"
checksum = "d4d1330fe7f7f872cd05165130b10602d667b205fd85be09be2814b115d4ced9"
